Microsoft Visual Studio Solution File, Format Version 12.00
# Visual Studio Version 17
VisualStudioVersion = 17.5.2.0
MinimumVisualStudioVersion = 10.0.40219.1
Project("{FAE04EC0-301F-11D3-BF4B-00C04F79EFBC}") = "CampusFrance.Test", "CampusFrance.Test.csproj", "{EE3F8D3A-551B-222B-A37F-E6EAFE0ED1D4}"
EndProject
Global
	GlobalSection(SolutionConfigurationPlatforms) = preSolution
		Debug|Any CPU = Debug|Any CPU
		Release|Any CPU = Release|Any CPU
	EndGlobalSection
	GlobalSection(ProjectConfigurationPlatforms) = postSolution
		{EE3F8D3A-551B-222B-A37F-E6EAFE0ED1D4}.Debug|Any CPU.ActiveCfg = Debug|Any CPU
		{EE3F8D3A-551B-222B-A37F-E6EAFE0ED1D4}.Debug|Any CPU.Build.0 = Debug|Any CPU
		{EE3F8D3A-551B-222B-A37F-E6EAFE0ED1D4}.Release|Any CPU.ActiveCfg = Release|Any CPU
		{EE3F8D3A-551B-222B-A37F-E6EAFE0ED1D4}.Release|Any CPU.Build.0 = Release|Any CPU
	EndGlobalSection
	GlobalSection(SolutionProperties) = preSolution
		HideSolutionNode = FALSE
	EndGlobalSection
	GlobalSection(ExtensibilityGlobals) = postSolution
		SolutionGuid = {44C7AAAF-A0E8-4A00-8FF3-B9A94FE3A18D}
	EndGlobalSection
EndGlobal
